
Microsoft Visual Studio Solution File, Format Version 12.00
# Visual Studio Version 16
VisualStudioVersion = 16.0.30611.23
MinimumVisualStudioVersion = 10.0.40219.1
Project("{FAE04EC0-301F-11D3-BF4B-00C04F79EFBC}") = "WindowsFormsApp18", "WindowsFormsApp18\WindowsFormsApp18.csproj", "{6CDA83D0-6838-43FB-9117-0DF8317C3A7D}"
EndProject
Global
	GlobalSection(SolutionConfigurationPlatforms) = preSolution
		Debug|Any CPU = Debug|Any CPU
		Release|Any CPU = Release|Any CPU
	EndGlobalSection
	GlobalSection(ProjectConfigurationPlatforms) = postSolution
		{6CDA83D0-6838-43FB-9117-0DF8317C3A7D}.Debug|Any CPU.ActiveCfg = Debug|Any CPU
		{6CDA83D0-6838-43FB-9117-0DF8317C3A7D}.Debug|Any CPU.Build.0 = Debug|Any CPU
		{6CDA83D0-6838-43FB-9117-0DF8317C3A7D}.Release|Any CPU.ActiveCfg = Release|Any CPU
		{6CDA83D0-6838-43FB-9117-0DF8317C3A7D}.Release|Any CPU.Build.0 = Release|Any CPU
	EndGlobalSection
	GlobalSection(SolutionProperties) = preSolution
		HideSolutionNode = FALSE
	EndGlobalSection
	GlobalSection(ExtensibilityGlobals) = postSolution
		SolutionGuid = {16DD2644-AAA8-443C-8A65-CD2E8E3323CF}
	EndGlobalSection
EndGlobal
